// !$*UTF8*$!
{
	archiveVersion = 1;
	classes = {
	};
	objectVersion = 56;
	objects = {

/* Begin PBXBuildFile section */
		0012A0622C52C2FD00C5D195 /* TimerView.swift in Sources */ = {isa = PBXBuildFile; fileRef = 0012A0612C52C2FD00C5D195 /* TimerView.swift */; };
		6E1A58FA2C566DA200590664 /* HawaiianPizza.xcdatamodeld in Sources */ = {isa = PBXBuildFile; fileRef = 6E1A58F82C566DA200590664 /* HawaiianPizza.xcdatamodeld */; };
		6E1A58FC2C566DE900590664 /* AddTaskView.swift in Sources */ = {isa = PBXBuildFile; fileRef = 6E1A58FB2C566DE900590664 /* AddTaskView.swift */; };
		6E4ACB562C540753008AACCD /* RoutineSettingView.swift in Sources */ = {isa = PBXBuildFile; fileRef = 6E4ACB552C540753008AACCD /* RoutineSettingView.swift */; };
		6E4ACB5B2C540783008AACCD /* RoutineSettingRowView.swift in Sources */ = {isa = PBXBuildFile; fileRef = 6E4ACB5A2C540783008AACCD /* RoutineSettingRowView.swift */; };
		6E4ACB5F2C540796008AACCD /* TaskIconView.swift in Sources */ = {isa = PBXBuildFile; fileRef = 6E4ACB5E2C540796008AACCD /* TaskIconView.swift */; };
		6E4ACB612C5407A1008AACCD /* RoutineSettingViewModel.swift in Sources */ = {isa = PBXBuildFile; fileRef = 6E4ACB602C5407A1008AACCD /* RoutineSettingViewModel.swift */; };
		6E4ACB632C5407A7008AACCD /* DummyItem.swift in Sources */ = {isa = PBXBuildFile; fileRef = 6E4ACB622C5407A7008AACCD /* DummyItem.swift */; };
		6E4ACB652C5407B5008AACCD /* AddTaskViewModel.swift in Sources */ = {isa = PBXBuildFile; fileRef = 6E4ACB642C5407B5008AACCD /* AddTaskViewModel.swift */; };
		6E4ACB692C5407F2008AACCD /* CornerRadiusWithBorderModifier.swift in Sources */ = {isa = PBXBuildFile; fileRef = 6E4ACB682C5407F2008AACCD /* CornerRadiusWithBorderModifier.swift */; };
		6E94643B2C52569400995FB9 /* RoutinePlanningView.swift in Sources */ = {isa = PBXBuildFile; fileRef = 6E94643A2C52569400995FB9 /* RoutinePlanningView.swift */; };
		6E94643F2C5256F100995FB9 /* PlanningRowView.swift in Sources */ = {isa = PBXBuildFile; fileRef = 6E94643E2C5256F100995FB9 /* PlanningRowView.swift */; };
		6E9464412C5256FA00995FB9 /* PlanningCellView.swift in Sources */ = {isa = PBXBuildFile; fileRef = 6E9464402C5256FA00995FB9 /* PlanningCellView.swift */; };
		CC7504ED2C5124E300394D1B /* HawaiianPizzaApp.swift in Sources */ = {isa = PBXBuildFile; fileRef = CC7504EC2C5124E300394D1B /* HawaiianPizzaApp.swift */; };
		CC7504EF2C5124E300394D1B /* MainView.swift in Sources */ = {isa = PBXBuildFile; fileRef = CC7504EE2C5124E300394D1B /* MainView.swift */; };
		CC7504F12C5124E400394D1B /* Assets.xcassets in Resources */ = {isa = PBXBuildFile; fileRef = CC7504F02C5124E400394D1B /* Assets.xcassets */; };
		CC7504F42C5124E400394D1B /* Preview Assets.xcassets in Resources */ = {isa = PBXBuildFile; fileRef = CC7504F32C5124E400394D1B /* Preview Assets.xcassets */; };
		CC7504FA2C5124E400394D1B /* HawaiianPizza Watch App.app in Embed Watch Content */ = {isa = PBXBuildFile; fileRef = CC7504F92C5124E400394D1B /* HawaiianPizza Watch App.app */; settings = {ATTRIBUTES = (RemoveHeadersOnCopy, ); }; };
		CC7504FF2C5124E400394D1B /* HawaiianPizzaApp.swift in Sources */ = {isa = PBXBuildFile; fileRef = CC7504FE2C5124E400394D1B /* HawaiianPizzaApp.swift */; };
		CC7505012C5124E400394D1B /* ContentView.swift in Sources */ = {isa = PBXBuildFile; fileRef = CC7505002C5124E400394D1B /* ContentView.swift */; };
		CC7505032C5124E400394D1B /* Assets.xcassets in Resources */ = {isa = PBXBuildFile; fileRef = CC7505022C5124E400394D1B /* Assets.xcassets */; };
		CC7505062C5124E400394D1B /* Preview Assets.xcassets in Resources */ = {isa = PBXBuildFile; fileRef = CC7505052C5124E400394D1B /* Preview Assets.xcassets */; };
		CC75051B2C512B4100394D1B /* MainViewModel.swift in Sources */ = {isa = PBXBuildFile; fileRef = CC75051A2C512B4100394D1B /* MainViewModel.swift */; };
		CC9739672C52B1C700C75466 /* CoreDataTestView.swift in Sources */ = {isa = PBXBuildFile; fileRef = CC9739622C52B1C700C75466 /* CoreDataTestView.swift */; };
		CC9739682C52B1C700C75466 /* CoreDataTestViewModel.swift in Sources */ = {isa = PBXBuildFile; fileRef = CC9739642C52B1C700C75466 /* CoreDataTestViewModel.swift */; };
		CC9739712C52B1E200C75466 /* CoreDataManager.swift in Sources */ = {isa = PBXBuildFile; fileRef = CC9739692C52B1E200C75466 /* CoreDataManager.swift */; };
		CC9739732C52B1E200C75466 /* Routine+CoreDataClass.swift in Sources */ = {isa = PBXBuildFile; fileRef = CC97396B2C52B1E200C75466 /* Routine+CoreDataClass.swift */; };
		CC9739742C52B1E200C75466 /* Routine+CoreDataProperties.swift in Sources */ = {isa = PBXBuildFile; fileRef = CC97396C2C52B1E200C75466 /* Routine+CoreDataProperties.swift */; };
		CC9739752C52B1E200C75466 /* Task+CoreDataClass.swift in Sources */ = {isa = PBXBuildFile; fileRef = CC97396D2C52B1E200C75466 /* Task+CoreDataClass.swift */; };
		CC9739762C52B1E200C75466 /* Task+CoreDataProperties.swift in Sources */ = {isa = PBXBuildFile; fileRef = CC97396E2C52B1E200C75466 /* Task+CoreDataProperties.swift */; };
		CC9739792C52B1E900C75466 /* DataProtocol.swift in Sources */ = {isa = PBXBuildFile; fileRef = CC9739772C52B1E900C75466 /* DataProtocol.swift */; };
		CCE054D92C5395EA00E4E54F /* WeatherHelper.swift in Sources */ = {isa = PBXBuildFile; fileRef = CCE054D82C5395EA00E4E54F /* WeatherHelper.swift */; };
		CCE054DB2C53961300E4E54F /* WeatherTestView.swift in Sources */ = {isa = PBXBuildFile; fileRef = CCE054DA2C53961300E4E54F /* WeatherTestView.swift */; };
		CCE054DD2C53961A00E4E54F /* WeatherTestViewModel.swift in Sources */ = {isa = PBXBuildFile; fileRef = CCE054DC2C53961A00E4E54F /* WeatherTestViewModel.swift */; };
		CCE054E22C560FD300E4E54F /* CompleteView.swift in Sources */ = {isa = PBXBuildFile; fileRef = CCE054E12C560FD300E4E54F /* CompleteView.swift */; };
		CCE054E42C560FDD00E4E54F /* CompleteViewModel.swift in Sources */ = {isa = PBXBuildFile; fileRef = CCE054E32C560FDD00E4E54F /* CompleteViewModel.swift */; };
/* End PBXBuildFile section */

/* Begin PBXContainerItemProxy section */
		CC7504FB2C5124E400394D1B /* PBXContainerItemProxy */ = {
			isa = PBXContainerItemProxy;
			containerPortal = CC7504E12C5124E200394D1B /* Project object */;
			proxyType = 1;
			remoteGlobalIDString = CC7504F82C5124E400394D1B;
			remoteInfo = "HawaiianPizza Watch App";
		};
/* End PBXContainerItemProxy section */

/* Begin PBXCopyFilesBuildPhase section */
		CC75050C2C5124E400394D1B /* Embed Watch Content */ = {
			isa = PBXCopyFilesBuildPhase;
			buildActionMask = 2147483647;
			dstPath = "$(CONTENTS_FOLDER_PATH)/Watch";
			dstSubfolderSpec = 16;
			files = (
				CC7504FA2C5124E400394D1B /* HawaiianPizza Watch App.app in Embed Watch Content */,
			);
			name = "Embed Watch Content";
			runOnlyForDeploymentPostprocessing = 0;
		};
/* End PBXCopyFilesBuildPhase section */

/* Begin PBXFileReference section */
		0012A0612C52C2FD00C5D195 /* TimerView.swift */ = {isa = PBXFileReference; lastKnownFileType = sourcecode.swift; path = TimerView.swift; sourceTree = "<group>"; };
		6E1A58F92C566DA200590664 /* HawaiianPizza.xcdatamodel */ = {isa = PBXFileReference; lastKnownFileType = wrapper.xcdatamodel; path = HawaiianPizza.xcdatamodel; sourceTree = "<group>"; };
		6E1A58FB2C566DE900590664 /* AddTaskView.swift */ = {isa = PBXFileReference; lastKnownFileType = sourcecode.swift; path = AddTaskView.swift; sourceTree = "<group>"; };
		6E4ACB552C540753008AACCD /* RoutineSettingView.swift */ = {isa = PBXFileReference; lastKnownFileType = sourcecode.swift; path = RoutineSettingView.swift; sourceTree = "<group>"; };
		6E4ACB5A2C540783008AACCD /* RoutineSettingRowView.swift */ = {isa = PBXFileReference; lastKnownFileType = sourcecode.swift; path = RoutineSettingRowView.swift; sourceTree = "<group>"; };
		6E4ACB5E2C540796008AACCD /* TaskIconView.swift */ = {isa = PBXFileReference; lastKnownFileType = sourcecode.swift; path = TaskIconView.swift; sourceTree = "<group>"; };
		6E4ACB602C5407A1008AACCD /* RoutineSettingViewModel.swift */ = {isa = PBXFileReference; lastKnownFileType = sourcecode.swift; path = RoutineSettingViewModel.swift; sourceTree = "<group>"; };
		6E4ACB622C5407A7008AACCD /* DummyItem.swift */ = {isa = PBXFileReference; lastKnownFileType = sourcecode.swift; path = DummyItem.swift; sourceTree = "<group>"; };
		6E4ACB642C5407B5008AACCD /* AddTaskViewModel.swift */ = {isa = PBXFileReference; lastKnownFileType = sourcecode.swift; path = AddTaskViewModel.swift; sourceTree = "<group>"; };
		6E4ACB682C5407F2008AACCD /* CornerRadiusWithBorderModifier.swift */ = {isa = PBXFileReference; lastKnownFileType = sourcecode.swift; path = CornerRadiusWithBorderModifier.swift; sourceTree = "<group>"; };
		6E94643A2C52569400995FB9 /* RoutinePlanningView.swift */ = {isa = PBXFileReference; lastKnownFileType = sourcecode.swift; path = RoutinePlanningView.swift; sourceTree = "<group>"; };
		6E94643E2C5256F100995FB9 /* PlanningRowView.swift */ = {isa = PBXFileReference; lastKnownFileType = sourcecode.swift; path = PlanningRowView.swift; sourceTree = "<group>"; };
		6E9464402C5256FA00995FB9 /* PlanningCellView.swift */ = {isa = PBXFileReference; lastKnownFileType = sourcecode.swift; path = PlanningCellView.swift; sourceTree = "<group>"; };
		CC7504E92C5124E300394D1B /* HawaiianPizza.app */ = {isa = PBXFileReference; explicitFileType = wrapper.application; includeInIndex = 0; path = HawaiianPizza.app; sourceTree = BUILT_PRODUCTS_DIR; };
		CC7504EC2C5124E300394D1B /* HawaiianPizzaApp.swift */ = {isa = PBXFileReference; lastKnownFileType = sourcecode.swift; path = HawaiianPizzaApp.swift; sourceTree = "<group>"; };
		CC7504EE2C5124E300394D1B /* MainView.swift */ = {isa = PBXFileReference; lastKnownFileType = sourcecode.swift; path = MainView.swift; sourceTree = "<group>"; };
		CC7504F02C5124E400394D1B /* Assets.xcassets */ = {isa = PBXFileReference; lastKnownFileType = folder.assetcatalog; path = Assets.xcassets; sourceTree = "<group>"; };
		CC7504F32C5124E400394D1B /* Preview Assets.xcassets */ = {isa = PBXFileReference; lastKnownFileType = folder.assetcatalog; path = "Preview Assets.xcassets"; sourceTree = "<group>"; };
		CC7504F92C5124E400394D1B /* HawaiianPizza Watch App.app */ = {isa = PBXFileReference; explicitFileType = wrapper.application; includeInIndex = 0; path = "HawaiianPizza Watch App.app"; sourceTree = BUILT_PRODUCTS_DIR; };
		CC7504FE2C5124E400394D1B /* HawaiianPizzaApp.swift */ = {isa = PBXFileReference; lastKnownFileType = sourcecode.swift; path = HawaiianPizzaApp.swift; sourceTree = "<group>"; };
		CC7505002C5124E400394D1B /* ContentView.swift */ = {isa = PBXFileReference; lastKnownFileType = sourcecode.swift; path = ContentView.swift; sourceTree = "<group>"; };
		CC7505022C5124E400394D1B /* Assets.xcassets */ = {isa = PBXFileReference; lastKnownFileType = folder.assetcatalog; path = Assets.xcassets; sourceTree = "<group>"; };
		CC7505052C5124E400394D1B /* Preview Assets.xcassets */ = {isa = PBXFileReference; lastKnownFileType = folder.assetcatalog; path = "Preview Assets.xcassets"; sourceTree = "<group>"; };
		CC75051A2C512B4100394D1B /* MainViewModel.swift */ = {isa = PBXFileReference; lastKnownFileType = sourcecode.swift; path = MainViewModel.swift; sourceTree = "<group>"; };
		CC9739622C52B1C700C75466 /* CoreDataTestView.swift */ = {isa = PBXFileReference; fileEncoding = 4; lastKnownFileType = sourcecode.swift; path = CoreDataTestView.swift; sourceTree = "<group>"; };
		CC9739642C52B1C700C75466 /* CoreDataTestViewModel.swift */ = {isa = PBXFileReference; fileEncoding = 4; lastKnownFileType = sourcecode.swift; path = CoreDataTestViewModel.swift; sourceTree = "<group>"; };
		CC9739692C52B1E200C75466 /* CoreDataManager.swift */ = {isa = PBXFileReference; fileEncoding = 4; lastKnownFileType = sourcecode.swift; path = CoreDataManager.swift; sourceTree = "<group>"; };
		CC97396B2C52B1E200C75466 /* Routine+CoreDataClass.swift */ = {isa = PBXFileReference; fileEncoding = 4; lastKnownFileType = sourcecode.swift; path = "Routine+CoreDataClass.swift"; sourceTree = "<group>"; };
		CC97396C2C52B1E200C75466 /* Routine+CoreDataProperties.swift */ = {isa = PBXFileReference; fileEncoding = 4; lastKnownFileType = sourcecode.swift; path = "Routine+CoreDataProperties.swift"; sourceTree = "<group>"; };
		CC97396D2C52B1E200C75466 /* Task+CoreDataClass.swift */ = {isa = PBXFileReference; fileEncoding = 4; lastKnownFileType = sourcecode.swift; path = "Task+CoreDataClass.swift"; sourceTree = "<group>"; };
		CC97396E2C52B1E200C75466 /* Task+CoreDataProperties.swift */ = {isa = PBXFileReference; fileEncoding = 4; lastKnownFileType = sourcecode.swift; path = "Task+CoreDataProperties.swift"; sourceTree = "<group>"; };
		CC9739772C52B1E900C75466 /* DataProtocol.swift */ = {isa = PBXFileReference; fileEncoding = 4; lastKnownFileType = sourcecode.swift; path = DataProtocol.swift; sourceTree = "<group>"; };
		CCE054D72C5395D800E4E54F /* HawaiianPizza.entitlements */ = {isa = PBXFileReference; lastKnownFileType = text.plist.entitlements; path = HawaiianPizza.entitlements; sourceTree = "<group>"; };
		CCE054D82C5395EA00E4E54F /* WeatherHelper.swift */ = {isa = PBXFileReference; lastKnownFileType = sourcecode.swift; path = WeatherHelper.swift; sourceTree = "<group>"; };
		CCE054DA2C53961300E4E54F /* WeatherTestView.swift */ = {isa = PBXFileReference; lastKnownFileType = sourcecode.swift; path = WeatherTestView.swift; sourceTree = "<group>"; };
		CCE054DC2C53961A00E4E54F /* WeatherTestViewModel.swift */ = {isa = PBXFileReference; lastKnownFileType = sourcecode.swift; path = WeatherTestViewModel.swift; sourceTree = "<group>"; };
		CCE054E12C560FD300E4E54F /* CompleteView.swift */ = {isa = PBXFileReference; lastKnownFileType = sourcecode.swift; path = CompleteView.swift; sourceTree = "<group>"; };
		CCE054E32C560FDD00E4E54F /* CompleteViewModel.swift */ = {isa = PBXFileReference; lastKnownFileType = sourcecode.swift; path = CompleteViewModel.swift; sourceTree = "<group>"; };
/* End PBXFileReference section */

/* Begin PBXFrameworksBuildPhase section */
		CC7504E62C5124E300394D1B /* Frameworks */ = {
			isa = PBXFrameworksBuildPhase;
			buildActionMask = 2147483647;
			files = (
			);
			runOnlyForDeploymentPostprocessing = 0;
		};
		CC7504F62C5124E400394D1B /* Frameworks */ = {
			isa = PBXFrameworksBuildPhase;
			buildActionMask = 2147483647;
			files = (
			);
			runOnlyForDeploymentPostprocessing = 0;
		};
/* End PBXFrameworksBuildPhase section */

/* Begin PBXGroup section */
		0012A05E2C52C2BA00C5D195 /* Timer */ = {
			isa = PBXGroup;
			children = (
				0012A0602C52C2CE00C5D195 /* ViewModel */,
				0012A05F2C52C2C300C5D195 /* VIew */,
			);
			path = Timer;
			sourceTree = "<group>";
		};
		0012A05F2C52C2C300C5D195 /* VIew */ = {
			isa = PBXGroup;
			children = (
				0012A0612C52C2FD00C5D195 /* TimerView.swift */,
			);
			path = VIew;
			sourceTree = "<group>";
		};
		0012A0602C52C2CE00C5D195 /* ViewModel */ = {
			isa = PBXGroup;
			children = (
			);
			path = ViewModel;
			sourceTree = "<group>";
		};
		6E4ACB572C54075B008AACCD /* RoutineSetting */ = {
			isa = PBXGroup;
			children = (
				6E4ACB592C54076B008AACCD /* ViewModel */,
				6E4ACB582C540764008AACCD /* View */,
			);
			path = RoutineSetting;
			sourceTree = "<group>";
		};
		6E4ACB582C540764008AACCD /* View */ = {
			isa = PBXGroup;
			children = (
				6E4ACB552C540753008AACCD /* RoutineSettingView.swift */,
				6E4ACB5A2C540783008AACCD /* RoutineSettingRowView.swift */,
				6E4ACB5E2C540796008AACCD /* TaskIconView.swift */,
				6E1A58FB2C566DE900590664 /* AddTaskView.swift */,
			);
			path = View;
			sourceTree = "<group>";
		};
		6E4ACB592C54076B008AACCD /* ViewModel */ = {
			isa = PBXGroup;
			children = (
				6E4ACB602C5407A1008AACCD /* RoutineSettingViewModel.swift */,
				6E4ACB622C5407A7008AACCD /* DummyItem.swift */,
				6E4ACB642C5407B5008AACCD /* AddTaskViewModel.swift */,
			);
			path = ViewModel;
			sourceTree = "<group>";
		};
		6E4ACB662C5407CA008AACCD /* DesignSystem */ = {
			isa = PBXGroup;
			children = (
				6E4ACB672C5407E1008AACCD /* ViewModifiers */,
				CC7505162C5127F600394D1B /* Extensions */,
			);
			path = DesignSystem;
			sourceTree = "<group>";
		};
		6E4ACB672C5407E1008AACCD /* ViewModifiers */ = {
			isa = PBXGroup;
			children = (
				6E4ACB682C5407F2008AACCD /* CornerRadiusWithBorderModifier.swift */,
			);
			path = ViewModifiers;
			sourceTree = "<group>";
		};
		6E9464392C52567A00995FB9 /* RoutinePlanning */ = {
			isa = PBXGroup;
			children = (
				6E94643D2C5256AA00995FB9 /* ViewModel */,
				6E94643C2C52569C00995FB9 /* View */,
			);
			path = RoutinePlanning;
			sourceTree = "<group>";
		};
		6E94643C2C52569C00995FB9 /* View */ = {
			isa = PBXGroup;
			children = (
				6E94643A2C52569400995FB9 /* RoutinePlanningView.swift */,
				6E94643E2C5256F100995FB9 /* PlanningRowView.swift */,
				6E9464402C5256FA00995FB9 /* PlanningCellView.swift */,
			);
			path = View;
			sourceTree = "<group>";
		};
		6E94643D2C5256AA00995FB9 /* ViewModel */ = {
			isa = PBXGroup;
			children = (
			);
			path = ViewModel;
			sourceTree = "<group>";
		};
		CC7504E02C5124E200394D1B = {
			isa = PBXGroup;
			children = (
				CC7504EB2C5124E300394D1B /* HawaiianPizza */,
				CC7504FD2C5124E400394D1B /* HawaiianPizza Watch App */,
				CC7504EA2C5124E300394D1B /* Products */,
			);
			sourceTree = "<group>";
		};
		CC7504EA2C5124E300394D1B /* Products */ = {
			isa = PBXGroup;
			children = (
				CC7504E92C5124E300394D1B /* HawaiianPizza.app */,
				CC7504F92C5124E400394D1B /* HawaiianPizza Watch App.app */,
			);
			name = Products;
			sourceTree = "<group>";
		};
		CC7504EB2C5124E300394D1B /* HawaiianPizza */ = {
			isa = PBXGroup;
			children = (
				CCE054D72C5395D800E4E54F /* HawaiianPizza.entitlements */,
				CC7505142C51274C00394D1B /* Application */,
				CC7505132C51273100394D1B /* Sources */,
				CC7505122C51271400394D1B /* Resources */,
				CC7504F22C5124E400394D1B /* Preview Content */,
			);
			path = HawaiianPizza;
			sourceTree = "<group>";
		};
		CC7504F22C5124E400394D1B /* Preview Content */ = {
			isa = PBXGroup;
			children = (
				CC7504F32C5124E400394D1B /* Preview Assets.xcassets */,
			);
			path = "Preview Content";
			sourceTree = "<group>";
		};
		CC7504FD2C5124E400394D1B /* HawaiianPizza Watch App */ = {
			isa = PBXGroup;
			children = (
				CC7504FE2C5124E400394D1B /* HawaiianPizzaApp.swift */,
				CC7505002C5124E400394D1B /* ContentView.swift */,
				CC7505022C5124E400394D1B /* Assets.xcassets */,
				CC7505042C5124E400394D1B /* Preview Content */,
			);
			path = "HawaiianPizza Watch App";
			sourceTree = "<group>";
		};
		CC7505042C5124E400394D1B /* Preview Content */ = {
			isa = PBXGroup;
			children = (
				CC7505052C5124E400394D1B /* Preview Assets.xcassets */,
			);
			path = "Preview Content";
			sourceTree = "<group>";
		};
		CC7505102C5126EE00394D1B /* Model */ = {
			isa = PBXGroup;
			children = (
			);
			path = Model;
			sourceTree = "<group>";
		};
		CC7505112C5126F300394D1B /* Presentations */ = {
			isa = PBXGroup;
			children = (
				CCE054DE2C560E9400E4E54F /* Complete */,
				6E4ACB572C54075B008AACCD /* RoutineSetting */,
				0012A05E2C52C2BA00C5D195 /* Timer */,
				CC9739662C52B1C700C75466 /* Test */,
				6E9464392C52567A00995FB9 /* RoutinePlanning */,
				CC7505172C51287400394D1B /* Main */,
			);
			path = Presentations;
			sourceTree = "<group>";
		};
		CC7505122C51271400394D1B /* Resources */ = {
			isa = PBXGroup;
			children = (
				CC7504F02C5124E400394D1B /* Assets.xcassets */,
			);
			path = Resources;
			sourceTree = "<group>";
		};
		CC7505132C51273100394D1B /* Sources */ = {
			isa = PBXGroup;
			children = (
				CC9739782C52B1E900C75466 /* Protocols */,
				CC97396F2C52B1E200C75466 /* Data */,
				CC7505102C5126EE00394D1B /* Model */,
				CC7505152C5127DA00394D1B /* Helper */,
				CC7505112C5126F300394D1B /* Presentations */,
				6E4ACB662C5407CA008AACCD /* DesignSystem */,
			);
			path = Sources;
			sourceTree = "<group>";
		};
		CC7505142C51274C00394D1B /* Application */ = {
			isa = PBXGroup;
			children = (
				CC7504EC2C5124E300394D1B /* HawaiianPizzaApp.swift */,
			);
			path = Application;
			sourceTree = "<group>";
		};
		CC7505152C5127DA00394D1B /* Helper */ = {
			isa = PBXGroup;
			children = (
				CCE054D82C5395EA00E4E54F /* WeatherHelper.swift */,
			);
			path = Helper;
			sourceTree = "<group>";
		};
		CC7505162C5127F600394D1B /* Extensions */ = {
			isa = PBXGroup;
			children = (
			);
			name = Extensions;
			path = ../Extensions;
			sourceTree = "<group>";
		};
		CC7505172C51287400394D1B /* Main */ = {
			isa = PBXGroup;
			children = (
				CC7505182C5128B800394D1B /* View */,
				CC7505192C5128BE00394D1B /* ViewModel */,
			);
			path = Main;
			sourceTree = "<group>";
		};
		CC7505182C5128B800394D1B /* View */ = {
			isa = PBXGroup;
			children = (
				CC7504EE2C5124E300394D1B /* MainView.swift */,
			);
			path = View;
			sourceTree = "<group>";
		};
		CC7505192C5128BE00394D1B /* ViewModel */ = {
			isa = PBXGroup;
			children = (
				CC75051A2C512B4100394D1B /* MainViewModel.swift */,
			);
			path = ViewModel;
			sourceTree = "<group>";
		};
		CC9739632C52B1C700C75466 /* View */ = {
			isa = PBXGroup;
			children = (
				CC9739622C52B1C700C75466 /* CoreDataTestView.swift */,
				CCE054DA2C53961300E4E54F /* WeatherTestView.swift */,
			);
			path = View;
			sourceTree = "<group>";
		};
		CC9739652C52B1C700C75466 /* ViewModel */ = {
			isa = PBXGroup;
			children = (
				CC9739642C52B1C700C75466 /* CoreDataTestViewModel.swift */,
				CCE054DC2C53961A00E4E54F /* WeatherTestViewModel.swift */,
			);
			path = ViewModel;
			sourceTree = "<group>";
		};
		CC9739662C52B1C700C75466 /* Test */ = {
			isa = PBXGroup;
			children = (
				CC9739632C52B1C700C75466 /* View */,
				CC9739652C52B1C700C75466 /* ViewModel */,
			);
			path = Test;
			sourceTree = "<group>";
		};
		CC97396F2C52B1E200C75466 /* Data */ = {
			isa = PBXGroup;
			children = (
				CC9739692C52B1E200C75466 /* CoreDataManager.swift */,
				6E1A58F82C566DA200590664 /* HawaiianPizza.xcdatamodeld */,
				CC97396B2C52B1E200C75466 /* Routine+CoreDataClass.swift */,
				CC97396C2C52B1E200C75466 /* Routine+CoreDataProperties.swift */,
				CC97396D2C52B1E200C75466 /* Task+CoreDataClass.swift */,
				CC97396E2C52B1E200C75466 /* Task+CoreDataProperties.swift */,
			);
			path = Data;
			sourceTree = "<group>";
		};
		CC9739782C52B1E900C75466 /* Protocols */ = {
			isa = PBXGroup;
			children = (
				CC9739772C52B1E900C75466 /* DataProtocol.swift */,
			);
			path = Protocols;
			sourceTree = "<group>";
		};
		CCE054DE2C560E9400E4E54F /* Complete */ = {
			isa = PBXGroup;
			children = (
				CCE054E02C560EAF00E4E54F /* ViewModel */,
				CCE054DF2C560EA400E4E54F /* View */,
			);
			path = Complete;
			sourceTree = "<group>";
		};
		CCE054DF2C560EA400E4E54F /* View */ = {
			isa = PBXGroup;
			children = (
				CCE054E12C560FD300E4E54F /* CompleteView.swift */,
			);
			path = View;
			sourceTree = "<group>";
		};
		CCE054E02C560EAF00E4E54F /* ViewModel */ = {
			isa = PBXGroup;
			children = (
				CCE054E32C560FDD00E4E54F /* CompleteViewModel.swift */,
			);
			path = ViewModel;
			sourceTree = "<group>";
		};
/* End PBXGroup section */

/* Begin PBXNativeTarget section */
		CC7504E82C5124E300394D1B /* HawaiianPizza */ = {
			isa = PBXNativeTarget;
			buildConfigurationList = CC75050D2C5124E400394D1B /* Build configuration list for PBXNativeTarget "HawaiianPizza" */;
			buildPhases = (
				CC7504E52C5124E300394D1B /* Sources */,
				CC7504E62C5124E300394D1B /* Frameworks */,
				CC7504E72C5124E300394D1B /* Resources */,
				CC75050C2C5124E400394D1B /* Embed Watch Content */,
			);
			buildRules = (
			);
			dependencies = (
				CC7504FC2C5124E400394D1B /* PBXTargetDependency */,
			);
			name = HawaiianPizza;
			productName = HawaiianPizza;
			productReference = CC7504E92C5124E300394D1B /* HawaiianPizza.app */;
			productType = "com.apple.product-type.application";
		};
		CC7504F82C5124E400394D1B /* HawaiianPizza Watch App */ = {
			isa = PBXNativeTarget;
			buildConfigurationList = CC7505092C5124E400394D1B /* Build configuration list for PBXNativeTarget "HawaiianPizza Watch App" */;
			buildPhases = (
				CC7504F52C5124E400394D1B /* Sources */,
				CC7504F62C5124E400394D1B /* Frameworks */,
				CC7504F72C5124E400394D1B /* Resources */,
			);
			buildRules = (
			);
			dependencies = (
			);
			name = "HawaiianPizza Watch App";
			productName = "HawaiianPizza Watch App";
			productReference = CC7504F92C5124E400394D1B /* HawaiianPizza Watch App.app */;
			productType = "com.apple.product-type.application";
		};
/* End PBXNativeTarget section */

/* Begin PBXProject section */
		CC7504E12C5124E200394D1B /* Project object */ = {
			isa = PBXProject;
			attributes = {
				BuildIndependentTargetsInParallel = 1;
				LastSwiftUpdateCheck = 1540;
				LastUpgradeCheck = 1540;
				TargetAttributes = {
					CC7504E82C5124E300394D1B = {
						CreatedOnToolsVersion = 15.4;
					};
					CC7504F82C5124E400394D1B = {
						CreatedOnToolsVersion = 15.4;
					};
				};
			};
			buildConfigurationList = CC7504E42C5124E200394D1B /* Build configuration list for PBXProject "HawaiianPizza" */;
			compatibilityVersion = "Xcode 14.0";
			developmentRegion = en;
			hasScannedForEncodings = 0;
			knownRegions = (
				en,
				Base,
			);
			mainGroup = CC7504E02C5124E200394D1B;
			productRefGroup = CC7504EA2C5124E300394D1B /* Products */;
			projectDirPath = "";
			projectRoot = "";
			targets = (
				CC7504E82C5124E300394D1B /* HawaiianPizza */,
				CC7504F82C5124E400394D1B /* HawaiianPizza Watch App */,
			);
		};
/* End PBXProject section */

/* Begin PBXResourcesBuildPhase section */
		CC7504E72C5124E300394D1B /* Resources */ = {
			isa = PBXResourcesBuildPhase;
			buildActionMask = 2147483647;
			files = (
				CC7504F42C5124E400394D1B /* Preview Assets.xcassets in Resources */,
				CC7504F12C5124E400394D1B /* Assets.xcassets in Resources */,
			);
			runOnlyForDeploymentPostprocessing = 0;
		};
		CC7504F72C5124E400394D1B /* Resources */ = {
			isa = PBXResourcesBuildPhase;
			buildActionMask = 2147483647;
			files = (
				CC7505062C5124E400394D1B /* Preview Assets.xcassets in Resources */,
				CC7505032C5124E400394D1B /* Assets.xcassets in Resources */,
			);
			runOnlyForDeploymentPostprocessing = 0;
		};
/* End PBXResourcesBuildPhase section */

/* Begin PBXSourcesBuildPhase section */
		CC7504E52C5124E300394D1B /* Sources */ = {
			isa = PBXSourcesBuildPhase;
			buildActionMask = 2147483647;
			files = (
				6E1A58FC2C566DE900590664 /* AddTaskView.swift in Sources */,
				6E4ACB562C540753008AACCD /* RoutineSettingView.swift in Sources */,
				CC9739732C52B1E200C75466 /* Routine+CoreDataClass.swift in Sources */,
				CC9739792C52B1E900C75466 /* DataProtocol.swift in Sources */,
				CC9739712C52B1E200C75466 /* CoreDataManager.swift in Sources */,
				CCE054E42C560FDD00E4E54F /* CompleteViewModel.swift in Sources */,
				CC7504EF2C5124E300394D1B /* MainView.swift in Sources */,
				CC9739762C52B1E200C75466 /* Task+CoreDataProperties.swift in Sources */,
				0012A0622C52C2FD00C5D195 /* TimerView.swift in Sources */,
				6E4ACB612C5407A1008AACCD /* RoutineSettingViewModel.swift in Sources */,
				6E4ACB652C5407B5008AACCD /* AddTaskViewModel.swift in Sources */,
				CC9739742C52B1E200C75466 /* Routine+CoreDataProperties.swift in Sources */,
				CCE054DD2C53961A00E4E54F /* WeatherTestViewModel.swift in Sources */,
				CC7504ED2C5124E300394D1B /* HawaiianPizzaApp.swift in Sources */,
				CCE054E22C560FD300E4E54F /* CompleteView.swift in Sources */,
				CC9739752C52B1E200C75466 /* Task+CoreDataClass.swift in Sources */,
				CCE054DB2C53961300E4E54F /* WeatherTestView.swift in Sources */,
				CC75051B2C512B4100394D1B /* MainViewModel.swift in Sources */,
				6E4ACB5B2C540783008AACCD /* RoutineSettingRowView.swift in Sources */,
				CC9739682C52B1C700C75466 /* CoreDataTestViewModel.swift in Sources */,
				6E4ACB632C5407A7008AACCD /* DummyItem.swift in Sources */,
				6E4ACB692C5407F2008AACCD /* CornerRadiusWithBorderModifier.swift in Sources */,
				CC9739672C52B1C700C75466 /* CoreDataTestView.swift in Sources */,
				6E1A58FA2C566DA200590664 /* HawaiianPizza.xcdatamodeld in Sources */,
				6E4ACB5F2C540796008AACCD /* TaskIconView.swift in Sources */,
				6E9464412C5256FA00995FB9 /* PlanningCellView.swift in Sources */,
				6E94643B2C52569400995FB9 /* RoutinePlanningView.swift in Sources */,
				6E94643F2C5256F100995FB9 /* PlanningRowView.swift in Sources */,
				CCE054D92C5395EA00E4E54F /* WeatherHelper.swift in Sources */,
			);
			runOnlyForDeploymentPostprocessing = 0;
		};
		CC7504F52C5124E400394D1B /* Sources */ = {
			isa = PBXSourcesBuildPhase;
			buildActionMask = 2147483647;
			files = (
				CC7505012C5124E400394D1B /* ContentView.swift in Sources */,
				CC7504FF2C5124E400394D1B /* HawaiianPizzaApp.swift in Sources */,
			);
			runOnlyForDeploymentPostprocessing = 0;
		};
/* End PBXSourcesBuildPhase section */

/* Begin PBXTargetDependency section */
		CC7504FC2C5124E400394D1B /* PBXTargetDependency */ = {
			isa = PBXTargetDependency;
			target = CC7504F82C5124E400394D1B /* HawaiianPizza Watch App */;
			targetProxy = CC7504FB2C5124E400394D1B /* PBXContainerItemProxy */;
		};
/* End PBXTargetDependency section */

/* Begin XCBuildConfiguration section */
		CC7505072C5124E400394D1B /* Debug */ = {
			isa = XCBuildConfiguration;
			buildSettings = {
				ALWAYS_SEARCH_USER_PATHS = NO;
				ASSETCATALOG_COMPILER_GENERATE_SWIFT_ASSET_SYMBOL_EXTENSIONS = YES;
				CLANG_ANALYZER_NONNULL = YES;
				CLANG_ANALYZER_NUMBER_OBJECT_CONVERSION = YES_AGGRESSIVE;
				CLANG_CXX_LANGUAGE_STANDARD = "gnu++20";
				CLANG_ENABLE_MODULES = YES;
				CLANG_ENABLE_OBJC_ARC = YES;
				CLANG_ENABLE_OBJC_WEAK = YES;
				CLANG_WARN_BLOCK_CAPTURE_AUTORELEASING = YES;
				CLANG_WARN_BOOL_CONVERSION = YES;
				CLANG_WARN_COMMA = YES;
				CLANG_WARN_CONSTANT_CONVERSION = YES;
				CLANG_WARN_DEPRECATED_OBJC_IMPLEMENTATIONS = YES;
				CLANG_WARN_DIRECT_OBJC_ISA_USAGE = YES_ERROR;
				CLANG_WARN_DOCUMENTATION_COMMENTS = YES;
				CLANG_WARN_EMPTY_BODY = YES;
				CLANG_WARN_ENUM_CONVERSION = YES;
				CLANG_WARN_INFINITE_RECURSION = YES;
				CLANG_WARN_INT_CONVERSION = YES;
				CLANG_WARN_NON_LITERAL_NULL_CONVERSION = YES;
				CLANG_WARN_OBJC_IMPLICIT_RETAIN_SELF = YES;
				CLANG_WARN_OBJC_LITERAL_CONVERSION = YES;
				CLANG_WARN_OBJC_ROOT_CLASS = YES_ERROR;
				CLANG_WARN_QUOTED_INCLUDE_IN_FRAMEWORK_HEADER = YES;
				CLANG_WARN_RANGE_LOOP_ANALYSIS = YES;
				CLANG_WARN_STRICT_PROTOTYPES = YES;
				CLANG_WARN_SUSPICIOUS_MOVE = YES;
				CLANG_WARN_UNGUARDED_AVAILABILITY = YES_AGGRESSIVE;
				CLANG_WARN_UNREACHABLE_CODE = YES;
				CLANG_WARN__DUPLICATE_METHOD_MATCH = YES;
				COPY_PHASE_STRIP = NO;
				DEBUG_INFORMATION_FORMAT = dwarf;
				ENABLE_STRICT_OBJC_MSGSEND = YES;
				ENABLE_TESTABILITY = YES;
				ENABLE_USER_SCRIPT_SANDBOXING = YES;
				GCC_C_LANGUAGE_STANDARD = gnu17;
				GCC_DYNAMIC_NO_PIC = NO;
				GCC_NO_COMMON_BLOCKS = YES;
				GCC_OPTIMIZATION_LEVEL = 0;
				GCC_PREPROCESSOR_DEFINITIONS = (
					"DEBUG=1",
					"$(inherited)",
				);
				GCC_WARN_64_TO_32_BIT_CONVERSION = YES;
				GCC_WARN_ABOUT_RETURN_TYPE = YES_ERROR;
				GCC_WARN_UNDECLARED_SELECTOR = YES;
				GCC_WARN_UNINITIALIZED_AUTOS = YES_AGGRESSIVE;
				GCC_WARN_UNUSED_FUNCTION = YES;
				GCC_WARN_UNUSED_VARIABLE = YES;
				LOCALIZATION_PREFERS_STRING_CATALOGS = YES;
				MTL_ENABLE_DEBUG_INFO = INCLUDE_SOURCE;
				MTL_FAST_MATH = YES;
				ONLY_ACTIVE_ARCH = YES;
				SWIFT_ACTIVE_COMPILATION_CONDITIONS = "DEBUG $(inherited)";
				SWIFT_OPTIMIZATION_LEVEL = "-Onone";
			};
			name = Debug;
		};
		CC7505082C5124E400394D1B /* Release */ = {
			isa = XCBuildConfiguration;
			buildSettings = {
				ALWAYS_SEARCH_USER_PATHS = NO;
				ASSETCATALOG_COMPILER_GENERATE_SWIFT_ASSET_SYMBOL_EXTENSIONS = YES;
				CLANG_ANALYZER_NONNULL = YES;
				CLANG_ANALYZER_NUMBER_OBJECT_CONVERSION = YES_AGGRESSIVE;
				CLANG_CXX_LANGUAGE_STANDARD = "gnu++20";
				CLANG_ENABLE_MODULES = YES;
				CLANG_ENABLE_OBJC_ARC = YES;
				CLANG_ENABLE_OBJC_WEAK = YES;
				CLANG_WARN_BLOCK_CAPTURE_AUTORELEASING = YES;
				CLANG_WARN_BOOL_CONVERSION = YES;
				CLANG_WARN_COMMA = YES;
				CLANG_WARN_CONSTANT_CONVERSION = YES;
				CLANG_WARN_DEPRECATED_OBJC_IMPLEMENTATIONS = YES;
				CLANG_WARN_DIRECT_OBJC_ISA_USAGE = YES_ERROR;
				CLANG_WARN_DOCUMENTATION_COMMENTS = YES;
				CLANG_WARN_EMPTY_BODY = YES;
				CLANG_WARN_ENUM_CONVERSION = YES;
				CLANG_WARN_INFINITE_RECURSION = YES;
				CLANG_WARN_INT_CONVERSION = YES;
				CLANG_WARN_NON_LITERAL_NULL_CONVERSION = YES;
				CLANG_WARN_OBJC_IMPLICIT_RETAIN_SELF = YES;
				CLANG_WARN_OBJC_LITERAL_CONVERSION = YES;
				CLANG_WARN_OBJC_ROOT_CLASS = YES_ERROR;
				CLANG_WARN_QUOTED_INCLUDE_IN_FRAMEWORK_HEADER = YES;
				CLANG_WARN_RANGE_LOOP_ANALYSIS = YES;
				CLANG_WARN_STRICT_PROTOTYPES = YES;
				CLANG_WARN_SUSPICIOUS_MOVE = YES;
				CLANG_WARN_UNGUARDED_AVAILABILITY = YES_AGGRESSIVE;
				CLANG_WARN_UNREACHABLE_CODE = YES;
				CLANG_WARN__DUPLICATE_METHOD_MATCH = YES;
				COPY_PHASE_STRIP = NO;
				DEBUG_INFORMATION_FORMAT = "dwarf-with-dsym";
				ENABLE_NS_ASSERTIONS = NO;
				ENABLE_STRICT_OBJC_MSGSEND = YES;
				ENABLE_USER_SCRIPT_SANDBOXING = YES;
				GCC_C_LANGUAGE_STANDARD = gnu17;
				GCC_NO_COMMON_BLOCKS = YES;
				GCC_WARN_64_TO_32_BIT_CONVERSION = YES;
				GCC_WARN_ABOUT_RETURN_TYPE = YES_ERROR;
				GCC_WARN_UNDECLARED_SELECTOR = YES;
				GCC_WARN_UNINITIALIZED_AUTOS = YES_AGGRESSIVE;
				GCC_WARN_UNUSED_FUNCTION = YES;
				GCC_WARN_UNUSED_VARIABLE = YES;
				LOCALIZATION_PREFERS_STRING_CATALOGS = YES;
				MTL_ENABLE_DEBUG_INFO = NO;
				MTL_FAST_MATH = YES;
				SWIFT_COMPILATION_MODE = wholemodule;
			};
			name = Release;
		};
		CC75050A2C5124E400394D1B /* Debug */ = {
			isa = XCBuildConfiguration;
			buildSettings = {
				ASSETCATALOG_COMPILER_APPICON_NAME = AppIcon;
				ASSETCATALOG_COMPILER_GLOBAL_ACCENT_COLOR_NAME = AccentColor;
				CODE_SIGN_STYLE = Automatic;
				CURRENT_PROJECT_VERSION = 1;
				DEVELOPMENT_ASSET_PATHS = "\"HawaiianPizza Watch App/Preview Content\"";
				DEVELOPMENT_TEAM = GKWM8Q6TMS;
				ENABLE_PREVIEWS = YES;
				GENERATE_INFOPLIST_FILE = YES;
				INFOPLIST_KEY_CFBundleDisplayName = HawaiianPizza;
				INFOPLIST_KEY_UISupportedInterfaceOrientations = "UIInterfaceOrientationPortrait UIInterfaceOrientationPortraitUpsideDown";
				INFOPLIST_KEY_WKCompanionAppBundleIdentifier = com.Mc3.Moare;
				LD_RUNPATH_SEARCH_PATHS = (
					"$(inherited)",
					"@executable_path/Frameworks",
				);
				MARKETING_VERSION = 1.0;
				PRODUCT_BUNDLE_IDENTIFIER = com.Mc3.Moare.watchkitapp;
				PRODUCT_NAME = "$(TARGET_NAME)";
				SDKROOT = watchos;
				SKIP_INSTALL = YES;
				SWIFT_EMIT_LOC_STRINGS = YES;
				SWIFT_VERSION = 5.0;
				TARGETED_DEVICE_FAMILY = 4;
				WATCHOS_DEPLOYMENT_TARGET = 10.5;
			};
			name = Debug;
		};
		CC75050B2C5124E400394D1B /* Release */ = {
			isa = XCBuildConfiguration;
			buildSettings = {
				ASSETCATALOG_COMPILER_APPICON_NAME = AppIcon;
				ASSETCATALOG_COMPILER_GLOBAL_ACCENT_COLOR_NAME = AccentColor;
				CODE_SIGN_STYLE = Automatic;
				CURRENT_PROJECT_VERSION = 1;
				DEVELOPMENT_ASSET_PATHS = "\"HawaiianPizza Watch App/Preview Content\"";
				DEVELOPMENT_TEAM = GKWM8Q6TMS;
				ENABLE_PREVIEWS = YES;
				GENERATE_INFOPLIST_FILE = YES;
				INFOPLIST_KEY_CFBundleDisplayName = HawaiianPizza;
				INFOPLIST_KEY_UISupportedInterfaceOrientations = "UIInterfaceOrientationPortrait UIInterfaceOrientationPortraitUpsideDown";
				INFOPLIST_KEY_WKCompanionAppBundleIdentifier = com.Mc3.Moare;
				LD_RUNPATH_SEARCH_PATHS = (
					"$(inherited)",
					"@executable_path/Frameworks",
				);
				MARKETING_VERSION = 1.0;
				PRODUCT_BUNDLE_IDENTIFIER = com.Mc3.Moare.watchkitapp;
				PRODUCT_NAME = "$(TARGET_NAME)";
				SDKROOT = watchos;
				SKIP_INSTALL = YES;
				SWIFT_EMIT_LOC_STRINGS = YES;
				SWIFT_VERSION = 5.0;
				TARGETED_DEVICE_FAMILY = 4;
				VALIDATE_PRODUCT = YES;
				WATCHOS_DEPLOYMENT_TARGET = 10.5;
			};
			name = Release;
		};
		CC75050E2C5124E400394D1B /* Debug */ = {
			isa = XCBuildConfiguration;
			buildSettings = {
				ALWAYS_EMBED_SWIFT_STANDARD_LIBRARIES = YES;
				ASSETCATALOG_COMPILER_APPICON_NAME = AppIcon;
				ASSETCATALOG_COMPILER_GLOBAL_ACCENT_COLOR_NAME = AccentColor;
				CODE_SIGN_ENTITLEMENTS = HawaiianPizza/HawaiianPizza.entitlements;
				CODE_SIGN_STYLE = Automatic;
				CURRENT_PROJECT_VERSION = 1;
				DEVELOPMENT_ASSET_PATHS = "\"HawaiianPizza/Preview Content\"";
				DEVELOPMENT_TEAM = GKWM8Q6TMS;
				ENABLE_PREVIEWS = YES;
				GENERATE_INFOPLIST_FILE = YES;
				INFOPLIST_KEY_CFBundleDisplayName = HawaiianPizza;
				INFOPLIST_KEY_UIApplicationSceneManifest_Generation = YES;
				INFOPLIST_KEY_UIApplicationSupportsIndirectInputEvents = YES;
				INFOPLIST_KEY_UILaunchScreen_Generation = YES;
				INFOPLIST_KEY_UISupportedInterfaceOrientations_iPad = "UIInterfaceOrientationPortrait UIInterfaceOrientationPortraitUpsideDown UIInterfaceOrientationLandscapeLeft UIInterfaceOrientationLandscapeRight";
				INFOPLIST_KEY_UISupportedInterfaceOrientations_iPhone = "UIInterfaceOrientationPortrait UIInterfaceOrientationLandscapeLeft UIInterfaceOrientationLandscapeRight";
				IPHONEOS_DEPLOYMENT_TARGET = 17.5;
				LD_RUNPATH_SEARCH_PATHS = (
					"$(inherited)",
					"@executable_path/Frameworks",
				);
				MARKETING_VERSION = 1.0;
				PRODUCT_BUNDLE_IDENTIFIER = com.Mc3.Moare;
				PRODUCT_NAME = "$(TARGET_NAME)";
				SDKROOT = iphoneos;
				SWIFT_EMIT_LOC_STRINGS = YES;
				SWIFT_VERSION = 5.0;
				TARGETED_DEVICE_FAMILY = "1,2";
			};
			name = Debug;
		};
		CC75050F2C5124E400394D1B /* Release */ = {
			isa = XCBuildConfiguration;
			buildSettings = {
				ALWAYS_EMBED_SWIFT_STANDARD_LIBRARIES = YES;
				ASSETCATALOG_COMPILER_APPICON_NAME = AppIcon;
				ASSETCATALOG_COMPILER_GLOBAL_ACCENT_COLOR_NAME = AccentColor;
				CODE_SIGN_ENTITLEMENTS = HawaiianPizza/HawaiianPizza.entitlements;
				CODE_SIGN_STYLE = Automatic;
				CURRENT_PROJECT_VERSION = 1;
				DEVELOPMENT_ASSET_PATHS = "\"HawaiianPizza/Preview Content\"";
				DEVELOPMENT_TEAM = GKWM8Q6TMS;
				ENABLE_PREVIEWS = YES;
				GENERATE_INFOPLIST_FILE = YES;
				INFOPLIST_KEY_CFBundleDisplayName = HawaiianPizza;
				INFOPLIST_KEY_UIApplicationSceneManifest_Generation = YES;
				INFOPLIST_KEY_UIApplicationSupportsIndirectInputEvents = YES;
				INFOPLIST_KEY_UILaunchScreen_Generation = YES;
				INFOPLIST_KEY_UISupportedInterfaceOrientations_iPad = "UIInterfaceOrientationPortrait UIInterfaceOrientationPortraitUpsideDown UIInterfaceOrientationLandscapeLeft UIInterfaceOrientationLandscapeRight";
				INFOPLIST_KEY_UISupportedInterfaceOrientations_iPhone = "UIInterfaceOrientationPortrait UIInterfaceOrientationLandscapeLeft UIInterfaceOrientationLandscapeRight";
				IPHONEOS_DEPLOYMENT_TARGET = 17.5;
				LD_RUNPATH_SEARCH_PATHS = (
					"$(inherited)",
					"@executable_path/Frameworks",
				);
				MARKETING_VERSION = 1.0;
				PRODUCT_BUNDLE_IDENTIFIER = com.Mc3.Moare;
				PRODUCT_NAME = "$(TARGET_NAME)";
				SDKROOT = iphoneos;
				SWIFT_EMIT_LOC_STRINGS = YES;
				SWIFT_VERSION = 5.0;
				TARGETED_DEVICE_FAMILY = "1,2";
				VALIDATE_PRODUCT = YES;
			};
			name = Release;
		};
/* End XCBuildConfiguration section */

/* Begin XCConfigurationList section */
		CC7504E42C5124E200394D1B /* Build configuration list for PBXProject "HawaiianPizza" */ = {
			isa = XCConfigurationList;
			buildConfigurations = (
				CC7505072C5124E400394D1B /* Debug */,
				CC7505082C5124E400394D1B /* Release */,
			);
			defaultConfigurationIsVisible = 0;
			defaultConfigurationName = Release;
		};
		CC7505092C5124E400394D1B /* Build configuration list for PBXNativeTarget "HawaiianPizza Watch App" */ = {
			isa = XCConfigurationList;
			buildConfigurations = (
				CC75050A2C5124E400394D1B /* Debug */,
				CC75050B2C5124E400394D1B /* Release */,
			);
			defaultConfigurationIsVisible = 0;
			defaultConfigurationName = Release;
		};
		CC75050D2C5124E400394D1B /* Build configuration list for PBXNativeTarget "HawaiianPizza" */ = {
			isa = XCConfigurationList;
			buildConfigurations = (
				CC75050E2C5124E400394D1B /* Debug */,
				CC75050F2C5124E400394D1B /* Release */,
			);
			defaultConfigurationIsVisible = 0;
			defaultConfigurationName = Release;
		};
/* End XCConfigurationList section */

/* Begin XCVersionGroup section */
		6E1A58F82C566DA200590664 /* HawaiianPizza.xcdatamodeld */ = {
			isa = XCVersionGroup;
			children = (
				6E1A58F92C566DA200590664 /* HawaiianPizza.xcdatamodel */,
			);
			currentVersion = 6E1A58F92C566DA200590664 /* HawaiianPizza.xcdatamodel */;
			name = HawaiianPizza.xcdatamodeld;
			path = "/Users/jisuryu/2024-MC3-A18-Hawaiian-pizza/HawaiianPizza/Sources/Data/HawaiianPizza.xcdatamodeld";
			sourceTree = "<group>";
			versionGroupType = wrapper.xcdatamodel;
		};
/* End XCVersionGroup section */
	};
	rootObject = CC7504E12C5124E200394D1B /* Project object */;
}
